
Microsoft Visual Studio Solution File, Format Version 12.00
# Visual Studio Version 17
VisualStudioVersion = 17.3.32901.215
MinimumVisualStudioVersion = 10.0.40219.1
Project("{8BC9CEB8-8B4A-11D0-8D11-00A0C91BC942}") = "GEFall22", "GEFall22\GEFall22.vcxproj", "{C944DA9C-C43B-4D59-9F0E-65892EBF5CC4}"
EndProject
Project("{8BC9CEB8-8B4A-11D0-8D11-00A0C91BC942}") = "Coda", "Coda\Coda.vcxproj", "{6D8A9BBA-5D75-439D-90FC-6BAFFF9C4FE2}"
EndProject
Project("{8BC9CEB8-8B4A-11D0-8D11-00A0C91BC942}") = "glfw", "glfw\build\src\glfw.vcxproj", "{34413BFC-1401-3B93-96FF-BF21A7A6A04E}"
EndProject
Project("{8BC9CEB8-8B4A-11D0-8D11-00A0C91BC942}") = "glad", "glad\glad.vcxproj", "{8CF73B8E-11B4-481D-B270-336A5CD61CB3}"
EndProject
Project("{8BC9CEB8-8B4A-11D0-8D11-00A0C91BC942}") = "stbi", "stbi\stbi.vcxproj", "{156B48F0-0B42-4310-B542-810BEC2CFD5A}"
EndProject
Global
	GlobalSection(SolutionConfigurationPlatforms) = preSolution
		Debug|x64 = Debug|x64
		Debug|x86 = Debug|x86
		MinSizeRel|x64 = MinSizeRel|x64
		MinSizeRel|x86 = MinSizeRel|x86
		Release|x64 = Release|x64
		Release|x86 = Release|x86
		RelWithDebInfo|x64 = RelWithDebInfo|x64
		RelWithDebInfo|x86 = RelWithDebInfo|x86
	EndGlobalSection
	GlobalSection(ProjectConfigurationPlatforms) = postSolution
		{C944DA9C-C43B-4D59-9F0E-65892EBF5CC4}.Debug|x64.ActiveCfg = Debug|x64
		{C944DA9C-C43B-4D59-9F0E-65892EBF5CC4}.Debug|x64.Build.0 = Debug|x64
		{C944DA9C-C43B-4D59-9F0E-65892EBF5CC4}.Debug|x86.ActiveCfg = Debug|Win32
		{C944DA9C-C43B-4D59-9F0E-65892EBF5CC4}.Debug|x86.Build.0 = Debug|Win32
		{C944DA9C-C43B-4D59-9F0E-65892EBF5CC4}.MinSizeRel|x64.ActiveCfg = GEFall22|x64
		{C944DA9C-C43B-4D59-9F0E-65892EBF5CC4}.MinSizeRel|x64.Build.0 = GEFall22|x64
		{C944DA9C-C43B-4D59-9F0E-65892EBF5CC4}.MinSizeRel|x86.ActiveCfg = GEFall22|Win32
		{C944DA9C-C43B-4D59-9F0E-65892EBF5CC4}.MinSizeRel|x86.Build.0 = GEFall22|Win32
		{C944DA9C-C43B-4D59-9F0E-65892EBF5CC4}.Release|x64.ActiveCfg = Release|x64
		{C944DA9C-C43B-4D59-9F0E-65892EBF5CC4}.Release|x64.Build.0 = Release|x64
		{C944DA9C-C43B-4D59-9F0E-65892EBF5CC4}.Release|x86.ActiveCfg = Release|Win32
		{C944DA9C-C43B-4D59-9F0E-65892EBF5CC4}.Release|x86.Build.0 = Release|Win32
		{C944DA9C-C43B-4D59-9F0E-65892EBF5CC4}.RelWithDebInfo|x64.ActiveCfg = Release|x64
		{C944DA9C-C43B-4D59-9F0E-65892EBF5CC4}.RelWithDebInfo|x64.Build.0 = Release|x64
		{C944DA9C-C43B-4D59-9F0E-65892EBF5CC4}.RelWithDebInfo|x86.ActiveCfg = Release|Win32
		{C944DA9C-C43B-4D59-9F0E-65892EBF5CC4}.RelWithDebInfo|x86.Build.0 = Release|Win32
		{6D8A9BBA-5D75-439D-90FC-6BAFFF9C4FE2}.Debug|x64.ActiveCfg = Debug|x64
		{6D8A9BBA-5D75-439D-90FC-6BAFFF9C4FE2}.Debug|x64.Build.0 = Debug|x64
		{6D8A9BBA-5D75-439D-90FC-6BAFFF9C4FE2}.Debug|x86.ActiveCfg = Debug|Win32
		{6D8A9BBA-5D75-439D-90FC-6BAFFF9C4FE2}.Debug|x86.Build.0 = Debug|Win32
		{6D8A9BBA-5D75-439D-90FC-6BAFFF9C4FE2}.MinSizeRel|x64.ActiveCfg = Release|x64
		{6D8A9BBA-5D75-439D-90FC-6BAFFF9C4FE2}.MinSizeRel|x64.Build.0 = Release|x64
		{6D8A9BBA-5D75-439D-90FC-6BAFFF9C4FE2}.MinSizeRel|x86.ActiveCfg = Release|Win32
		{6D8A9BBA-5D75-439D-90FC-6BAFFF9C4FE2}.MinSizeRel|x86.Build.0 = Release|Win32
		{6D8A9BBA-5D75-439D-90FC-6BAFFF9C4FE2}.Release|x64.ActiveCfg = Release|x64
		{6D8A9BBA-5D75-439D-90FC-6BAFFF9C4FE2}.Release|x64.Build.0 = Release|x64
		{6D8A9BBA-5D75-439D-90FC-6BAFFF9C4FE2}.Release|x86.ActiveCfg = Release|Win32
		{6D8A9BBA-5D75-439D-90FC-6BAFFF9C4FE2}.Release|x86.Build.0 = Release|Win32
		{6D8A9BBA-5D75-439D-90FC-6BAFFF9C4FE2}.RelWithDebInfo|x64.ActiveCfg = Release|x64
		{6D8A9BBA-5D75-439D-90FC-6BAFFF9C4FE2}.RelWithDebInfo|x64.Build.0 = Release|x64
		{6D8A9BBA-5D75-439D-90FC-6BAFFF9C4FE2}.RelWithDebInfo|x86.ActiveCfg = Release|Win32
		{6D8A9BBA-5D75-439D-90FC-6BAFFF9C4FE2}.RelWithDebInfo|x86.Build.0 = Release|Win32
		{34413BFC-1401-3B93-96FF-BF21A7A6A04E}.Debug|x64.ActiveCfg = Debug|x64
		{34413BFC-1401-3B93-96FF-BF21A7A6A04E}.Debug|x64.Build.0 = Debug|x64
		{34413BFC-1401-3B93-96FF-BF21A7A6A04E}.Debug|x86.ActiveCfg = Debug|x64
		{34413BFC-1401-3B93-96FF-BF21A7A6A04E}.Debug|x86.Build.0 = Debug|x64
		{34413BFC-1401-3B93-96FF-BF21A7A6A04E}.MinSizeRel|x64.ActiveCfg = MinSizeRel|x64
		{34413BFC-1401-3B93-96FF-BF21A7A6A04E}.MinSizeRel|x64.Build.0 = MinSizeRel|x64
		{34413BFC-1401-3B93-96FF-BF21A7A6A04E}.MinSizeRel|x86.ActiveCfg = MinSizeRel|x64
		{34413BFC-1401-3B93-96FF-BF21A7A6A04E}.MinSizeRel|x86.Build.0 = MinSizeRel|x64
		{34413BFC-1401-3B93-96FF-BF21A7A6A04E}.Release|x64.ActiveCfg = Release|x64
		{34413BFC-1401-3B93-96FF-BF21A7A6A04E}.Release|x64.Build.0 = Release|x64
		{34413BFC-1401-3B93-96FF-BF21A7A6A04E}.Release|x86.ActiveCfg = Release|x64
		{34413BFC-1401-3B93-96FF-BF21A7A6A04E}.Release|x86.Build.0 = Release|x64
		{34413BFC-1401-3B93-96FF-BF21A7A6A04E}.RelWithDebInfo|x64.ActiveCfg = RelWithDebInfo|x64
		{34413BFC-1401-3B93-96FF-BF21A7A6A04E}.RelWithDebInfo|x64.Build.0 = RelWithDebInfo|x64
		{34413BFC-1401-3B93-96FF-BF21A7A6A04E}.RelWithDebInfo|x86.ActiveCfg = RelWithDebInfo|x64
		{34413BFC-1401-3B93-96FF-BF21A7A6A04E}.RelWithDebInfo|x86.Build.0 = RelWithDebInfo|x64
		{8CF73B8E-11B4-481D-B270-336A5CD61CB3}.Debug|x64.ActiveCfg = Debug|x64
		{8CF73B8E-11B4-481D-B270-336A5CD61CB3}.Debug|x64.Build.0 = Debug|x64
		{8CF73B8E-11B4-481D-B270-336A5CD61CB3}.Debug|x86.ActiveCfg = Debug|Win32
		{8CF73B8E-11B4-481D-B270-336A5CD61CB3}.Debug|x86.Build.0 = Debug|Win32
		{8CF73B8E-11B4-481D-B270-336A5CD61CB3}.MinSizeRel|x64.ActiveCfg = Debug|x64
		{8CF73B8E-11B4-481D-B270-336A5CD61CB3}.MinSizeRel|x64.Build.0 = Debug|x64
		{8CF73B8E-11B4-481D-B270-336A5CD61CB3}.MinSizeRel|x86.ActiveCfg = Debug|Win32
		{8CF73B8E-11B4-481D-B270-336A5CD61CB3}.MinSizeRel|x86.Build.0 = Debug|Win32
		{8CF73B8E-11B4-481D-B270-336A5CD61CB3}.Release|x64.ActiveCfg = Release|x64
		{8CF73B8E-11B4-481D-B270-336A5CD61CB3}.Release|x64.Build.0 = Release|x64
		{8CF73B8E-11B4-481D-B270-336A5CD61CB3}.Release|x86.ActiveCfg = Release|Win32
		{8CF73B8E-11B4-481D-B270-336A5CD61CB3}.Release|x86.Build.0 = Release|Win32
		{8CF73B8E-11B4-481D-B270-336A5CD61CB3}.RelWithDebInfo|x64.ActiveCfg = Release|x64
		{8CF73B8E-11B4-481D-B270-336A5CD61CB3}.RelWithDebInfo|x64.Build.0 = Release|x64
		{8CF73B8E-11B4-481D-B270-336A5CD61CB3}.RelWithDebInfo|x86.ActiveCfg = Release|Win32
		{8CF73B8E-11B4-481D-B270-336A5CD61CB3}.RelWithDebInfo|x86.Build.0 = Release|Win32
		{156B48F0-0B42-4310-B542-810BEC2CFD5A}.Debug|x64.ActiveCfg = Debug|x64
		{156B48F0-0B42-4310-B542-810BEC2CFD5A}.Debug|x64.Build.0 = Debug|x64
		{156B48F0-0B42-4310-B542-810BEC2CFD5A}.Debug|x86.ActiveCfg = Debug|Win32
		{156B48F0-0B42-4310-B542-810BEC2CFD5A}.Debug|x86.Build.0 = Debug|Win32
		{156B48F0-0B42-4310-B542-810BEC2CFD5A}.MinSizeRel|x64.ActiveCfg = Debug|x64
		{156B48F0-0B42-4310-B542-810BEC2CFD5A}.MinSizeRel|x64.Build.0 = Debug|x64
		{156B48F0-0B42-4310-B542-810BEC2CFD5A}.MinSizeRel|x86.ActiveCfg = Debug|Win32
		{156B48F0-0B42-4310-B542-810BEC2CFD5A}.MinSizeRel|x86.Build.0 = Debug|Win32
		{156B48F0-0B42-4310-B542-810BEC2CFD5A}.Release|x64.ActiveCfg = Release|x64
		{156B48F0-0B42-4310-B542-810BEC2CFD5A}.Release|x64.Build.0 = Release|x64
		{156B48F0-0B42-4310-B542-810BEC2CFD5A}.Release|x86.ActiveCfg = Release|Win32
		{156B48F0-0B42-4310-B542-810BEC2CFD5A}.Release|x86.Build.0 = Release|Win32
		{156B48F0-0B42-4310-B542-810BEC2CFD5A}.RelWithDebInfo|x64.ActiveCfg = Release|x64
		{156B48F0-0B42-4310-B542-810BEC2CFD5A}.RelWithDebInfo|x64.Build.0 = Release|x64
		{156B48F0-0B42-4310-B542-810BEC2CFD5A}.RelWithDebInfo|x86.ActiveCfg = Release|Win32
		{156B48F0-0B42-4310-B542-810BEC2CFD5A}.RelWithDebInfo|x86.Build.0 = Release|Win32
	EndGlobalSection
	GlobalSection(SolutionProperties) = preSolution
		HideSolutionNode = FALSE
	EndGlobalSection
	GlobalSection(ExtensibilityGlobals) = postSolution
		SolutionGuid = {7BD41970-142F-4165-A8A2-C17EA88F42FF}
	EndGlobalSection
EndGlobal
